PODS:
  - Alamofire (5.10.0)
  - IQKeyboardManager (6.5.19)
  - MBProgressHUD (1.2.0)
  - SnapKit (5.7.1)
  - SwiftyStoreKit (0.16.1)
  - ZCycleView (1.0.4)

DEPENDENCIES:
  - Alamofire
  - IQKeyboardManager
  - MBProgressHUD
  - SnapKit
  - SwiftyStoreKit
  - ZCycleView

SPEC REPOS:
  trunk:
    - Alamofire
    - IQKeyboardManager
    - MBProgressHUD
    - SnapKit
    - SwiftyStoreKit
    - ZCycleView

SPEC CHECKSUMS:
  Alamofire: cd0b98508df05796dd2ff278f3bb055a631b5390
  IQKeyboardManager: c8665b3396bd0b79402b4c573eac345a31c7d485
  MBProgressHUD: 3ee5efcc380f6a79a7cc9b363dd669c5e1ae7406
  SnapKit: d612e99e678a2d3b95bf60b0705ed0a35c03484a
  SwiftyStoreKit: 6b9c08810269f030586dac1fae8e75871a82e84a
  ZCycleView: 7826fb8439486339ed099b0979d9b564a2937ab0

PODFILE CHECKSUM: 730d0f41e1bc52e7560faff9fbe67cdfaaf06b47

COCOAPODS: 1.16.2
